
Microsoft Visual Studio Solution File, Format Version 12.00
# Visual Studio Version 17
VisualStudioVersion = 17.1.32210.238
MinimumVisualStudioVersion = 10.0.40219.1
Project("{FAE04EC0-301F-11D3-BF4B-00C04F79EFBC}") = "ConsoleApp_task_2_2", "ConsoleApp_task_2_2\ConsoleApp_task_2_2.csproj", "{CF8DA2E3-C455-425D-BE61-833455340AE4}"
EndProject
Global
	GlobalSection(SolutionConfigurationPlatforms) = preSolution
		Debug|Any CPU = Debug|Any CPU
		Release|Any CPU = Release|Any CPU
	EndGlobalSection
	GlobalSection(ProjectConfigurationPlatforms) = postSolution
		{CF8DA2E3-C455-425D-BE61-833455340AE4}.Debug|Any CPU.ActiveCfg = Debug|Any CPU
		{CF8DA2E3-C455-425D-BE61-833455340AE4}.Debug|Any CPU.Build.0 = Debug|Any CPU
		{CF8DA2E3-C455-425D-BE61-833455340AE4}.Release|Any CPU.ActiveCfg = Release|Any CPU
		{CF8DA2E3-C455-425D-BE61-833455340AE4}.Release|Any CPU.Build.0 = Release|Any CPU
	EndGlobalSection
	GlobalSection(SolutionProperties) = preSolution
		HideSolutionNode = FALSE
	EndGlobalSection
	GlobalSection(ExtensibilityGlobals) = postSolution
		SolutionGuid = {EB5134EC-CE8A-4D56-8F5D-6615BC513BE2}
	EndGlobalSection
EndGlobal
