
Microsoft Visual Studio Solution File, Format Version 12.00
# Visual Studio Version 17
VisualStudioVersion = 17.1.32210.238
MinimumVisualStudioVersion = 10.0.40219.1
Project("{9A19103F-16F7-4668-BE54-9A1E7A4F7556}") = "Task1", "HelloWorldConsoleApp\Task1.csproj", "{90F6FF55-EACC-4160-9D36-4AEFD0F6947E}"
EndProject
Global
	GlobalSection(SolutionConfigurationPlatforms) = preSolution
		Debug|Any CPU = Debug|Any CPU
		Release|Any CPU = Release|Any CPU
	EndGlobalSection
	GlobalSection(ProjectConfigurationPlatforms) = postSolution
		{90F6FF55-EACC-4160-9D36-4AEFD0F6947E}.Debug|Any CPU.ActiveCfg = Debug|Any CPU
		{90F6FF55-EACC-4160-9D36-4AEFD0F6947E}.Debug|Any CPU.Build.0 = Debug|Any CPU
		{90F6FF55-EACC-4160-9D36-4AEFD0F6947E}.Release|Any CPU.ActiveCfg = Release|Any CPU
		{90F6FF55-EACC-4160-9D36-4AEFD0F6947E}.Release|Any CPU.Build.0 = Release|Any CPU
	EndGlobalSection
	GlobalSection(SolutionProperties) = preSolution
		HideSolutionNode = FALSE
	EndGlobalSection
	GlobalSection(ExtensibilityGlobals) = postSolution
		SolutionGuid = {1AE4F70D-4A23-4706-BFEA-A003A86E5B88}
	EndGlobalSection
EndGlobal
